
Microsoft Visual Studio Solution File, Format Version 12.00
# Visual Studio Version 17
VisualStudioVersion = 17.10.35027.167
MinimumVisualStudioVersion = 10.0.40219.1
Project("{FAE04EC0-301F-11D3-BF4B-00C04F79EFBC}") = "Lesson1_ArrayList", "Lesson_ArrayList\Lesson1_ArrayList.csproj", "{0D6355D3-1715-4F76-AAB3-BC728E8B2FC8}"
EndProject
Project("{FAE04EC0-301F-11D3-BF4B-00C04F79EFBC}") = "Lesson2_Stack", "Lesson2_Stack\Lesson2_Stack.csproj", "{1D4FEE97-4D60-4512-8DAE-C6BFF09A39B2}"
EndProject
Global
	GlobalSection(SolutionConfigurationPlatforms) = preSolution
		Debug|Any CPU = Debug|Any CPU
		Debug|x86 = Debug|x86
		Release|Any CPU = Release|Any CPU
		Release|x86 = Release|x86
	EndGlobalSection
	GlobalSection(ProjectConfigurationPlatforms) = postSolution
		{0D6355D3-1715-4F76-AAB3-BC728E8B2FC8}.Debug|Any CPU.ActiveCfg = Debug|Any CPU
		{0D6355D3-1715-4F76-AAB3-BC728E8B2FC8}.Debug|Any CPU.Build.0 = Debug|Any CPU
		{0D6355D3-1715-4F76-AAB3-BC728E8B2FC8}.Debug|x86.ActiveCfg = Debug|x86
		{0D6355D3-1715-4F76-AAB3-BC728E8B2FC8}.Debug|x86.Build.0 = Debug|x86
		{0D6355D3-1715-4F76-AAB3-BC728E8B2FC8}.Release|Any CPU.ActiveCfg = Release|Any CPU
		{0D6355D3-1715-4F76-AAB3-BC728E8B2FC8}.Release|Any CPU.Build.0 = Release|Any CPU
		{0D6355D3-1715-4F76-AAB3-BC728E8B2FC8}.Release|x86.ActiveCfg = Release|x86
		{0D6355D3-1715-4F76-AAB3-BC728E8B2FC8}.Release|x86.Build.0 = Release|x86
		{1D4FEE97-4D60-4512-8DAE-C6BFF09A39B2}.Debug|Any CPU.ActiveCfg = Debug|Any CPU
		{1D4FEE97-4D60-4512-8DAE-C6BFF09A39B2}.Debug|Any CPU.Build.0 = Debug|Any CPU
		{1D4FEE97-4D60-4512-8DAE-C6BFF09A39B2}.Debug|x86.ActiveCfg = Debug|Any CPU
		{1D4FEE97-4D60-4512-8DAE-C6BFF09A39B2}.Debug|x86.Build.0 = Debug|Any CPU
		{1D4FEE97-4D60-4512-8DAE-C6BFF09A39B2}.Release|Any CPU.ActiveCfg = Release|Any CPU
		{1D4FEE97-4D60-4512-8DAE-C6BFF09A39B2}.Release|Any CPU.Build.0 = Release|Any CPU
		{1D4FEE97-4D60-4512-8DAE-C6BFF09A39B2}.Release|x86.ActiveCfg = Release|Any CPU
		{1D4FEE97-4D60-4512-8DAE-C6BFF09A39B2}.Release|x86.Build.0 = Release|Any CPU
	EndGlobalSection
	GlobalSection(SolutionProperties) = preSolution
		HideSolutionNode = FALSE
	EndGlobalSection
	GlobalSection(ExtensibilityGlobals) = postSolution
		SolutionGuid = {0A13A5D2-B73C-4F98-8F51-0C8DFF168AEF}
	EndGlobalSection
EndGlobal
